
Microsoft Visual Studio Solution File, Format Version 12.00
# Visual Studio 14
VisualStudioVersion = 14.0.25420.1
MinimumVisualStudioVersion = 10.0.40219.1
Project("{D954291E-2A0B-460D-934E-DC6B0785DB48}") = "PdfSharp.Shared", "PdfSharp.Shared\PdfSharp.Shared.shproj", "{4592FAD8-E770-46C3-8749-BC615A29C775}"
EndProject
Project("{FAE04EC0-301F-11D3-BF4B-00C04F79EFBC}") = "PdfSharp.iOS", "..\PdfSharp.iOS\PdfSharp.iOS.csproj", "{AA510EA8-884D-4D0D-A9EC-D034651E133C}"
EndProject
Project("{FAE04EC0-301F-11D3-BF4B-00C04F79EFBC}") = "PdfSharp.Droid", "PdfSharp.Droid\PdfSharp.Droid.csproj", "{F5F8D409-71B2-4E01-9313-19CBDF3D07FB}"
EndProject
Project("{FAE04EC0-301F-11D3-BF4B-00C04F79EFBC}") = "PdfSharp.Sample.iOS", "PdfSharp.Sample.iOS\PdfSharp.Sample.iOS.csproj", "{D990F955-B6DC-4F5B-A486-5FA43BDEEF3D}"
EndProject
Project("{FAE04EC0-301F-11D3-BF4B-00C04F79EFBC}") = "PdfSharp.Sample.Droid", "PdfSharp.Sample.Droid\PdfSharp.Sample.Droid.csproj", "{E6488BEB-11BB-482A-9E66-B3AF67229722}"
EndProject
Global
	GlobalSection(SharedMSBuildProjectFiles) = preSolution
		PdfSharp.Shared\PdfSharp.Shared.projitems*{4592fad8-e770-46c3-8749-bc615a29c775}*SharedItemsImports = 13
		PdfSharp.Shared\PdfSharp.Shared.projitems*{aa510ea8-884d-4d0d-a9ec-d034651e133c}*SharedItemsImports = 4
		PdfSharp.Shared\PdfSharp.Shared.projitems*{f5f8d409-71b2-4e01-9313-19cbdf3d07fb}*SharedItemsImports = 4
	EndGlobalSection
	GlobalSection(SolutionConfigurationPlatforms) = preSolution
		Ad-Hoc|Any CPU = Ad-Hoc|Any CPU
		Ad-Hoc|iPhone = Ad-Hoc|iPhone
		Ad-Hoc|iPhoneSimulator = Ad-Hoc|iPhoneSimulator
		AppStore|Any CPU = AppStore|Any CPU
		AppStore|iPhone = AppStore|iPhone
		AppStore|iPhoneSimulator = AppStore|iPhoneSimulator
		Debug|Any CPU = Debug|Any CPU
		Debug|iPhone = Debug|iPhone
		Debug|iPhoneSimulator = Debug|iPhoneSimulator
		Release|Any CPU = Release|Any CPU
		Release|iPhone = Release|iPhone
		Release|iPhoneSimulator = Release|iPhoneSimulator
	EndGlobalSection
	GlobalSection(ProjectConfigurationPlatforms) = postSolution
		{AA510EA8-884D-4D0D-A9EC-D034651E133C}.Ad-Hoc|Any CPU.ActiveCfg = Release|Any CPU
		{AA510EA8-884D-4D0D-A9EC-D034651E133C}.Ad-Hoc|Any CPU.Build.0 = Release|Any CPU
		{AA510EA8-884D-4D0D-A9EC-D034651E133C}.Ad-Hoc|iPhone.ActiveCfg = Release|Any CPU
		{AA510EA8-884D-4D0D-A9EC-D034651E133C}.Ad-Hoc|iPhone.Build.0 = Release|Any CPU
		{AA510EA8-884D-4D0D-A9EC-D034651E133C}.Ad-Hoc|iPhoneSimulator.ActiveCfg = Release|Any CPU
		{AA510EA8-884D-4D0D-A9EC-D034651E133C}.Ad-Hoc|iPhoneSimulator.Build.0 = Release|Any CPU
		{AA510EA8-884D-4D0D-A9EC-D034651E133C}.AppStore|Any CPU.ActiveCfg = Release|Any CPU
		{AA510EA8-884D-4D0D-A9EC-D034651E133C}.AppStore|Any CPU.Build.0 = Release|Any CPU
		{AA510EA8-884D-4D0D-A9EC-D034651E133C}.AppStore|iPhone.ActiveCfg = Release|Any CPU
		{AA510EA8-884D-4D0D-A9EC-D034651E133C}.AppStore|iPhone.Build.0 = Release|Any CPU
		{AA510EA8-884D-4D0D-A9EC-D034651E133C}.AppStore|iPhoneSimulator.ActiveCfg = Release|Any CPU
		{AA510EA8-884D-4D0D-A9EC-D034651E133C}.AppStore|iPhoneSimulator.Build.0 = Release|Any CPU
		{AA510EA8-884D-4D0D-A9EC-D034651E133C}.Debug|Any CPU.ActiveCfg = Debug|Any CPU
		{AA510EA8-884D-4D0D-A9EC-D034651E133C}.Debug|Any CPU.Build.0 = Debug|Any CPU
		{AA510EA8-884D-4D0D-A9EC-D034651E133C}.Debug|iPhone.ActiveCfg = Debug|Any CPU
		{AA510EA8-884D-4D0D-A9EC-D034651E133C}.Debug|iPhone.Build.0 = Debug|Any CPU
		{AA510EA8-884D-4D0D-A9EC-D034651E133C}.Debug|iPhoneSimulator.ActiveCfg = Debug|Any CPU
		{AA510EA8-884D-4D0D-A9EC-D034651E133C}.Debug|iPhoneSimulator.Build.0 = Debug|Any CPU
		{AA510EA8-884D-4D0D-A9EC-D034651E133C}.Release|Any CPU.ActiveCfg = Release|Any CPU
		{AA510EA8-884D-4D0D-A9EC-D034651E133C}.Release|Any CPU.Build.0 = Release|Any CPU
		{AA510EA8-884D-4D0D-A9EC-D034651E133C}.Release|iPhone.ActiveCfg = Release|Any CPU
		{AA510EA8-884D-4D0D-A9EC-D034651E133C}.Release|iPhone.Build.0 = Release|Any CPU
		{AA510EA8-884D-4D0D-A9EC-D034651E133C}.Release|iPhoneSimulator.ActiveCfg = Release|Any CPU
		{AA510EA8-884D-4D0D-A9EC-D034651E133C}.Release|iPhoneSimulator.Build.0 = Release|Any CPU
		{F5F8D409-71B2-4E01-9313-19CBDF3D07FB}.Ad-Hoc|Any CPU.ActiveCfg = Release|Any CPU
		{F5F8D409-71B2-4E01-9313-19CBDF3D07FB}.Ad-Hoc|Any CPU.Build.0 = Release|Any CPU
		{F5F8D409-71B2-4E01-9313-19CBDF3D07FB}.Ad-Hoc|iPhone.ActiveCfg = Release|Any CPU
		{F5F8D409-71B2-4E01-9313-19CBDF3D07FB}.Ad-Hoc|iPhone.Build.0 = Release|Any CPU
		{F5F8D409-71B2-4E01-9313-19CBDF3D07FB}.Ad-Hoc|iPhoneSimulator.ActiveCfg = Release|Any CPU
		{F5F8D409-71B2-4E01-9313-19CBDF3D07FB}.Ad-Hoc|iPhoneSimulator.Build.0 = Release|Any CPU
		{F5F8D409-71B2-4E01-9313-19CBDF3D07FB}.AppStore|Any CPU.ActiveCfg = Release|Any CPU
		{F5F8D409-71B2-4E01-9313-19CBDF3D07FB}.AppStore|Any CPU.Build.0 = Release|Any CPU
		{F5F8D409-71B2-4E01-9313-19CBDF3D07FB}.AppStore|iPhone.ActiveCfg = Release|Any CPU
		{F5F8D409-71B2-4E01-9313-19CBDF3D07FB}.AppStore|iPhone.Build.0 = Release|Any CPU
		{F5F8D409-71B2-4E01-9313-19CBDF3D07FB}.AppStore|iPhoneSimulator.ActiveCfg = Release|Any CPU
		{F5F8D409-71B2-4E01-9313-19CBDF3D07FB}.AppStore|iPhoneSimulator.Build.0 = Release|Any CPU
		{F5F8D409-71B2-4E01-9313-19CBDF3D07FB}.Debug|Any CPU.ActiveCfg = Debug|Any CPU
		{F5F8D409-71B2-4E01-9313-19CBDF3D07FB}.Debug|Any CPU.Build.0 = Debug|Any CPU
		{F5F8D409-71B2-4E01-9313-19CBDF3D07FB}.Debug|iPhone.ActiveCfg = Debug|Any CPU
		{F5F8D409-71B2-4E01-9313-19CBDF3D07FB}.Debug|iPhone.Build.0 = Debug|Any CPU
		{F5F8D409-71B2-4E01-9313-19CBDF3D07FB}.Debug|iPhoneSimulator.ActiveCfg = Debug|Any CPU
		{F5F8D409-71B2-4E01-9313-19CBDF3D07FB}.Debug|iPhoneSimulator.Build.0 = Debug|Any CPU
		{F5F8D409-71B2-4E01-9313-19CBDF3D07FB}.Release|Any CPU.ActiveCfg = Release|Any CPU
		{F5F8D409-71B2-4E01-9313-19CBDF3D07FB}.Release|Any CPU.Build.0 = Release|Any CPU
		{F5F8D409-71B2-4E01-9313-19CBDF3D07FB}.Release|iPhone.ActiveCfg = Release|Any CPU
		{F5F8D409-71B2-4E01-9313-19CBDF3D07FB}.Release|iPhone.Build.0 = Release|Any CPU
		{F5F8D409-71B2-4E01-9313-19CBDF3D07FB}.Release|iPhoneSimulator.ActiveCfg = Release|Any CPU
		{F5F8D409-71B2-4E01-9313-19CBDF3D07FB}.Release|iPhoneSimulator.Build.0 = Release|Any CPU
		{D990F955-B6DC-4F5B-A486-5FA43BDEEF3D}.Ad-Hoc|Any CPU.ActiveCfg = Ad-Hoc|iPhone
		{D990F955-B6DC-4F5B-A486-5FA43BDEEF3D}.Ad-Hoc|iPhone.ActiveCfg = Ad-Hoc|iPhone
		{D990F955-B6DC-4F5B-A486-5FA43BDEEF3D}.Ad-Hoc|iPhone.Build.0 = Ad-Hoc|iPhone
		{D990F955-B6DC-4F5B-A486-5FA43BDEEF3D}.Ad-Hoc|iPhoneSimulator.ActiveCfg = Ad-Hoc|iPhoneSimulator
		{D990F955-B6DC-4F5B-A486-5FA43BDEEF3D}.Ad-Hoc|iPhoneSimulator.Build.0 = Ad-Hoc|iPhoneSimulator
		{D990F955-B6DC-4F5B-A486-5FA43BDEEF3D}.AppStore|Any CPU.ActiveCfg = AppStore|iPhone
		{D990F955-B6DC-4F5B-A486-5FA43BDEEF3D}.AppStore|iPhone.ActiveCfg = AppStore|iPhone
		{D990F955-B6DC-4F5B-A486-5FA43BDEEF3D}.AppStore|iPhone.Build.0 = AppStore|iPhone
		{D990F955-B6DC-4F5B-A486-5FA43BDEEF3D}.AppStore|iPhoneSimulator.ActiveCfg = AppStore|iPhoneSimulator
		{D990F955-B6DC-4F5B-A486-5FA43BDEEF3D}.AppStore|iPhoneSimulator.Build.0 = AppStore|iPhoneSimulator
		{D990F955-B6DC-4F5B-A486-5FA43BDEEF3D}.Debug|Any CPU.ActiveCfg = Debug|iPhone
		{D990F955-B6DC-4F5B-A486-5FA43BDEEF3D}.Debug|iPhone.ActiveCfg = Debug|iPhone
		{D990F955-B6DC-4F5B-A486-5FA43BDEEF3D}.Debug|iPhone.Build.0 = Debug|iPhone
		{D990F955-B6DC-4F5B-A486-5FA43BDEEF3D}.Debug|iPhoneSimulator.ActiveCfg = Debug|iPhoneSimulator
		{D990F955-B6DC-4F5B-A486-5FA43BDEEF3D}.Debug|iPhoneSimulator.Build.0 = Debug|iPhoneSimulator
		{D990F955-B6DC-4F5B-A486-5FA43BDEEF3D}.Release|Any CPU.ActiveCfg = Release|iPhone
		{D990F955-B6DC-4F5B-A486-5FA43BDEEF3D}.Release|iPhone.ActiveCfg = Release|iPhone
		{D990F955-B6DC-4F5B-A486-5FA43BDEEF3D}.Release|iPhone.Build.0 = Release|iPhone
		{D990F955-B6DC-4F5B-A486-5FA43BDEEF3D}.Release|iPhoneSimulator.ActiveCfg = Release|iPhoneSimulator
		{D990F955-B6DC-4F5B-A486-5FA43BDEEF3D}.Release|iPhoneSimulator.Build.0 = Release|iPhoneSimulator
		{E6488BEB-11BB-482A-9E66-B3AF67229722}.Ad-Hoc|Any CPU.ActiveCfg = Release|Any CPU
		{E6488BEB-11BB-482A-9E66-B3AF67229722}.Ad-Hoc|Any CPU.Build.0 = Release|Any CPU
		{E6488BEB-11BB-482A-9E66-B3AF67229722}.Ad-Hoc|Any CPU.Deploy.0 = Release|Any CPU
		{E6488BEB-11BB-482A-9E66-B3AF67229722}.Ad-Hoc|iPhone.ActiveCfg = Release|Any CPU
		{E6488BEB-11BB-482A-9E66-B3AF67229722}.Ad-Hoc|iPhone.Build.0 = Release|Any CPU
		{E6488BEB-11BB-482A-9E66-B3AF67229722}.Ad-Hoc|iPhone.Deploy.0 = Release|Any CPU
		{E6488BEB-11BB-482A-9E66-B3AF67229722}.Ad-Hoc|iPhoneSimulator.ActiveCfg = Release|Any CPU
		{E6488BEB-11BB-482A-9E66-B3AF67229722}.Ad-Hoc|iPhoneSimulator.Build.0 = Release|Any CPU
		{E6488BEB-11BB-482A-9E66-B3AF67229722}.Ad-Hoc|iPhoneSimulator.Deploy.0 = Release|Any CPU
		{E6488BEB-11BB-482A-9E66-B3AF67229722}.AppStore|Any CPU.ActiveCfg = Release|Any CPU
		{E6488BEB-11BB-482A-9E66-B3AF67229722}.AppStore|Any CPU.Build.0 = Release|Any CPU
		{E6488BEB-11BB-482A-9E66-B3AF67229722}.AppStore|Any CPU.Deploy.0 = Release|Any CPU
		{E6488BEB-11BB-482A-9E66-B3AF67229722}.AppStore|iPhone.ActiveCfg = Release|Any CPU
		{E6488BEB-11BB-482A-9E66-B3AF67229722}.AppStore|iPhone.Build.0 = Release|Any CPU
		{E6488BEB-11BB-482A-9E66-B3AF67229722}.AppStore|iPhone.Deploy.0 = Release|Any CPU
		{E6488BEB-11BB-482A-9E66-B3AF67229722}.AppStore|iPhoneSimulator.ActiveCfg = Release|Any CPU
		{E6488BEB-11BB-482A-9E66-B3AF67229722}.AppStore|iPhoneSimulator.Build.0 = Release|Any CPU
		{E6488BEB-11BB-482A-9E66-B3AF67229722}.AppStore|iPhoneSimulator.Deploy.0 = Release|Any CPU
		{E6488BEB-11BB-482A-9E66-B3AF67229722}.Debug|Any CPU.ActiveCfg = Debug|Any CPU
		{E6488BEB-11BB-482A-9E66-B3AF67229722}.Debug|Any CPU.Build.0 = Debug|Any CPU
		{E6488BEB-11BB-482A-9E66-B3AF67229722}.Debug|Any CPU.Deploy.0 = Debug|Any CPU
		{E6488BEB-11BB-482A-9E66-B3AF67229722}.Debug|iPhone.ActiveCfg = Debug|Any CPU
		{E6488BEB-11BB-482A-9E66-B3AF67229722}.Debug|iPhone.Build.0 = Debug|Any CPU
		{E6488BEB-11BB-482A-9E66-B3AF67229722}.Debug|iPhone.Deploy.0 = Debug|Any CPU
		{E6488BEB-11BB-482A-9E66-B3AF67229722}.Debug|iPhoneSimulator.ActiveCfg = Debug|Any CPU
		{E6488BEB-11BB-482A-9E66-B3AF67229722}.Debug|iPhoneSimulator.Build.0 = Debug|Any CPU
		{E6488BEB-11BB-482A-9E66-B3AF67229722}.Debug|iPhoneSimulator.Deploy.0 = Debug|Any CPU
		{E6488BEB-11BB-482A-9E66-B3AF67229722}.Release|Any CPU.ActiveCfg = Release|Any CPU
		{E6488BEB-11BB-482A-9E66-B3AF67229722}.Release|Any CPU.Build.0 = Release|Any CPU
		{E6488BEB-11BB-482A-9E66-B3AF67229722}.Release|Any CPU.Deploy.0 = Release|Any CPU
		{E6488BEB-11BB-482A-9E66-B3AF67229722}.Release|iPhone.ActiveCfg = Release|Any CPU
		{E6488BEB-11BB-482A-9E66-B3AF67229722}.Release|iPhone.Build.0 = Release|Any CPU
		{E6488BEB-11BB-482A-9E66-B3AF67229722}.Release|iPhone.Deploy.0 = Release|Any CPU
		{E6488BEB-11BB-482A-9E66-B3AF67229722}.Release|iPhoneSimulator.ActiveCfg = Release|Any CPU
		{E6488BEB-11BB-482A-9E66-B3AF67229722}.Release|iPhoneSimulator.Build.0 = Release|Any CPU
		{E6488BEB-11BB-482A-9E66-B3AF67229722}.Release|iPhoneSimulator.Deploy.0 = Release|Any CPU
	EndGlobalSection
	GlobalSection(SolutionProperties) = preSolution
		HideSolutionNode = FALSE
	EndGlobalSection
EndGlobal
